// !$*UTF8*$!
{
	archiveVersion = 1;
	classes = {
	};
	objectVersion = 46;
	objects = {

/* Begin PBXBuildFile section */
		8FA89EB81D3E57330047401C /* AppDelegate.swift in Sources */ = {isa = PBXBuildFile; fileRef = 8FA89EB71D3E57330047401C /* AppDelegate.swift */; };
		8FA89EBA1D3E57330047401C /* ViewController.swift in Sources */ = {isa = PBXBuildFile; fileRef = 8FA89EB91D3E57330047401C /* ViewController.swift */; };
		8FA89EBD1D3E57330047401C /* Main.storyboard in Resources */ = {isa = PBXBuildFile; fileRef = 8FA89EBB1D3E57330047401C /* Main.storyboard */; };
		8FA89EC21D3E57330047401C /* LaunchScreen.storyboard in Resources */ = {isa = PBXBuildFile; fileRef = 8FA89EC01D3E57330047401C /* LaunchScreen.storyboard */; };
		8FA89ECA1D3E5D680047401C /* Assets.xcassets in Resources */ = {isa = PBXBuildFile; fileRef = 8FA89EC91D3E5D680047401C /* Assets.xcassets */; };
/* End PBXBuildFile section */

/* Begin PBXFileReference section */
		8FA89EB41D3E57330047401C /* enums-tags.app */ = {isa = PBXFileReference; explicitFileType = wrapper.application; includeInIndex = 0; path = "enums-tags.app"; sourceTree = BUILT_PRODUCTS_DIR; };
		8FA89EB71D3E57330047401C /* AppDelegate.swift */ = {isa = PBXFileReference; lastKnownFileType = sourcecode.swift; path = AppDelegate.swift; sourceTree = "<group>"; };
		8FA89EB91D3E57330047401C /* ViewController.swift */ = {isa = PBXFileReference; lastKnownFileType = sourcecode.swift; path = ViewController.swift; sourceTree = "<group>"; };
		8FA89EBC1D3E57330047401C /* Base */ = {isa = PBXFileReference; lastKnownFileType = file.storyboard; name = Base; path = Base.lproj/Main.storyboard; sourceTree = "<group>"; };
		8FA89EC11D3E57330047401C /* Base */ = {isa = PBXFileReference; lastKnownFileType = file.storyboard; name = Base; path = Base.lproj/LaunchScreen.storyboard; sourceTree = "<group>"; };
		8FA89EC31D3E57330047401C /* Info.plist */ = {isa = PBXFileReference; lastKnownFileType = text.plist.xml; path = Info.plist; sourceTree = "<group>"; };
		8FA89EC91D3E5D680047401C /* Assets.xcassets */ = {isa = PBXFileReference; lastKnownFileType = folder.assetcatalog; path = Assets.xcassets; sourceTree = "<group>"; };
/* End PBXFileReference section */

/* Begin PBXFrameworksBuildPhase section */
		8FA89EB11D3E57330047401C /* Frameworks */ = {
			isa = PBXFrameworksBuildPhase;
			buildActionMask = 2147483647;
			files = (
			);
			runOnlyForDeploymentPostprocessing = 0;
		};
/* End PBXFrameworksBuildPhase section */

/* Begin PBXGroup section */
		8FA89EAB1D3E57330047401C = {
			isa = PBXGroup;
			children = (
				8FA89EB61D3E57330047401C /* enums-tags */,
				8FA89EB51D3E57330047401C /* Products */,
			);
			sourceTree = "<group>";
		};
		8FA89EB51D3E57330047401C /* Products */ = {
			isa = PBXGroup;
			children = (
				8FA89EB41D3E57330047401C /* enums-tags.app */,
			);
			name = Products;
			sourceTree = "<group>";
		};
		8FA89EB61D3E57330047401C /* enums-tags */ = {
			isa = PBXGroup;
			children = (
				8FA89EB71D3E57330047401C /* AppDelegate.swift */,
				8FA89EB91D3E57330047401C /* ViewController.swift */,
				8FA89EBB1D3E57330047401C /* Main.storyboard */,
				8FA89EC91D3E5D680047401C /* Assets.xcassets */,
				8FA89EC01D3E57330047401C /* LaunchScreen.storyboard */,
				8FA89EC31D3E57330047401C /* Info.plist */,
			);
			path = "enums-tags";
			sourceTree = "<group>";
		};
/* End PBXGroup section */

/* Begin PBXNativeTarget section */
		8FA89EB31D3E57330047401C /* enums-tags */ = {
			isa = PBXNativeTarget;
			buildConfigurationList = 8FA89EC61D3E57330047401C /* Build configuration list for PBXNativeTarget "enums-tags" */;
			buildPhases = (
				8FA89EB01D3E57330047401C /* Sources */,
				8FA89EB11D3E57330047401C /* Frameworks */,
				8FA89EB21D3E57330047401C /* Resources */,
			);
			buildRules = (
			);
			dependencies = (
			);
			name = "enums-tags";
			productName = "enums-tags";
			productReference = 8FA89EB41D3E57330047401C /* enums-tags.app */;
			productType = "com.apple.product-type.application";
		};
/* End PBXNativeTarget section */

/* Begin PBXProject section */
		8FA89EAC1D3E57330047401C /* Project object */ = {
			isa = PBXProject;
			attributes = {
				LastSwiftUpdateCheck = 0730;
				LastUpgradeCheck = 0730;
				ORGANIZATIONNAME = "Dino Musliu";
				TargetAttributes = {
					8FA89EB31D3E57330047401C = {
						CreatedOnToolsVersion = 7.3.1;
					};
				};
			};
			buildConfigurationList = 8FA89EAF1D3E57330047401C /* Build configuration list for PBXProject "enums-tags" */;
			compatibilityVersion = "Xcode 3.2";
			developmentRegion = English;
			hasScannedForEncodings = 0;
			knownRegions = (
				en,
				Base,
			);
			mainGroup = 8FA89EAB1D3E57330047401C;
			productRefGroup = 8FA89EB51D3E57330047401C /* Products */;
			projectDirPath = "";
			projectRoot = "";
			targets = (
				8FA89EB31D3E57330047401C /* enums-tags */,
			);
		};
/* End PBXProject section */

/* Begin PBXResourcesBuildPhase section */
		8FA89EB21D3E57330047401C /* Resources */ = {
			isa = PBXResourcesBuildPhase;
			buildActionMask = 2147483647;
			files = (
				8FA89EC21D3E57330047401C /* LaunchScreen.storyboard in Resources */,
				8FA89ECA1D3E5D680047401C /* Assets.xcassets in Resources */,
				8FA89EBD1D3E57330047401C /* Main.storyboard in Resources */,
			);
			runOnlyForDeploymentPostprocessing = 0;
		};
/* End PBXResourcesBuildPhase section */

/* Begin PBXSourcesBuildPhase section */
		8FA89EB01D3E57330047401C /* Sources */ = {
			isa = PBXSourcesBuildPhase;
			buildActionMask = 2147483647;
			files = (
				8FA89EBA1D3E57330047401C /* ViewController.swift in Sources */,
				8FA89EB81D3E57330047401C /* AppDelegate.swift in Sources */,
			);
			runOnlyForDeploymentPostprocessing = 0;
		};
/* End PBXSourcesBuildPhase section */

/* Begin PBXVariantGroup section */
		8FA89EBB1D3E57330047401C /* Main.storyboard */ = {
			isa = PBXVariantGroup;
			children = (
				8FA89EBC1D3E57330047401C /* Base */,
			);
			name = Main.storyboard;
			sourceTree = "<group>";
		};
		8FA89EC01D3E57330047401C /* LaunchScreen.storyboard */ = {
			isa = PBXVariantGroup;
			children = (
				8FA89EC11D3E57330047401C /* Base */,
			);
			name = LaunchScreen.storyboard;
			sourceTree = "<group>";
		};
/* End PBXVariantGroup section */

/* Begin XCBuildConfiguration section */
		8FA89EC41D3E57330047401C /* Debug */ = {
			isa = XCBuildConfiguration;
			buildSettings = {
				ALWAYS_SEARCH_USER_PATHS = NO;
				CLANG_ANALYZER_NONNULL = YES;
				CLANG_CXX_LANGUAGE_STANDARD = "gnu++0x";
				CLANG_CXX_LIBRARY = "libc++";
				CLANG_ENABLE_MODULES = YES;
				CLANG_ENABLE_OBJC_ARC = YES;
				CLANG_WARN_BOOL_CONVERSION = YES;
				CLANG_WARN_CONSTANT_CONVERSION = YES;
				CLANG_WARN_DIRECT_OBJC_ISA_USAGE = YES_ERROR;
				CLANG_WARN_EMPTY_BODY = YES;
				CLANG_WARN_ENUM_CONVERSION = YES;
				CLANG_WARN_INT_CONVERSION = YES;
				CLANG_WARN_OBJC_ROOT_CLASS = YES_ERROR;
				CLANG_WARN_UNREACHABLE_CODE = YES;
				CLANG_WARN__DUPLICATE_METHOD_MATCH = YES;
				"CODE_SIGN_IDENTITY[sdk=iphoneos*]" = "iPhone Developer";
				COPY_PHASE_STRIP = NO;
				DEBUG_INFORMATION_FORMAT = dwarf;
				ENABLE_STRICT_OBJC_MSGSEND = YES;
				ENABLE_TESTABILITY = YES;
				GCC_C_LANGUAGE_STANDARD = gnu99;
				GCC_DYNAMIC_NO_PIC = NO;
				GCC_NO_COMMON_BLOCKS = YES;
				GCC_OPTIMIZATION_LEVEL = 0;
				GCC_PREPROCESSOR_DEFINITIONS = (
					"DEBUG=1",
					"$(inherited)",
				);
				GCC_WARN_64_TO_32_BIT_CONVERSION = YES;
				GCC_WARN_ABOUT_RETURN_TYPE = YES_ERROR;
				GCC_WARN_UNDECLARED_SELECTOR = YES;
				GCC_WARN_UNINITIALIZED_AUTOS = YES_AGGRESSIVE;
				GCC_WARN_UNUSED_FUNCTION = YES;
				GCC_WARN_UNUSED_VARIABLE = YES;
				IPHONEOS_DEPLOYMENT_TARGET = 9.3;
				MTL_ENABLE_DEBUG_INFO = YES;
				ONLY_ACTIVE_ARCH = YES;
				SDKROOT = iphoneos;
				SWIFT_OPTIMIZATION_LEVEL = "-Onone";
			};
			name = Debug;
		};
		8FA89EC51D3E57330047401C /* Release */ = {
			isa = XCBuildConfiguration;
			buildSettings = {
				ALWAYS_SEARCH_USER_PATHS = NO;
				CLANG_ANALYZER_NONNULL = YES;
				CLANG_CXX_LANGUAGE_STANDARD = "gnu++0x";
				CLANG_CXX_LIBRARY = "libc++";
				CLANG_ENABLE_MODULES = YES;
				CLANG_ENABLE_OBJC_ARC = YES;
				CLANG_WARN_BOOL_CONVERSION = YES;
				CLANG_WARN_CONSTANT_CONVERSION = YES;
				CLANG_WARN_DIRECT_OBJC_ISA_USAGE = YES_ERROR;
				CLANG_WARN_EMPTY_BODY = YES;
				CLANG_WARN_ENUM_CONVERSION = YES;
				CLANG_WARN_INT_CONVERSION = YES;
				CLANG_WARN_OBJC_ROOT_CLASS = YES_ERROR;
				CLANG_WARN_UNREACHABLE_CODE = YES;
				CLANG_WARN__DUPLICATE_METHOD_MATCH = YES;
				"CODE_SIGN_IDENTITY[sdk=iphoneos*]" = "iPhone Developer";
				COPY_PHASE_STRIP = NO;
				DEBUG_INFORMATION_FORMAT = "dwarf-with-dsym";
				ENABLE_NS_ASSERTIONS = NO;
				ENABLE_STRICT_OBJC_MSGSEND = YES;
				GCC_C_LANGUAGE_STANDARD = gnu99;
				GCC_NO_COMMON_BLOCKS = YES;
				GCC_WARN_64_TO_32_BIT_CONVERSION = YES;
				GCC_WARN_ABOUT_RETURN_TYPE = YES_ERROR;
				GCC_WARN_UNDECLARED_SELECTOR = YES;
				GCC_WARN_UNINITIALIZED_AUTOS = YES_AGGRESSIVE;
				GCC_WARN_UNUSED_FUNCTION = YES;
				GCC_WARN_UNUSED_VARIABLE = YES;
				IPHONEOS_DEPLOYMENT_TARGET = 9.3;
				MTL_ENABLE_DEBUG_INFO = NO;
				SDKROOT = iphoneos;
				VALIDATE_PRODUCT = YES;
			};
			name = Release;
		};
		8FA89EC71D3E57330047401C /* Debug */ = {
			isa = XCBuildConfiguration;
			buildSettings = {
				ASSETCATALOG_COMPILER_APPICON_NAME = AppIcon;
				INFOPLIST_FILE = "enums-tags/Info.plist";
				LD_RUNPATH_SEARCH_PATHS = "$(inherited) @executable_path/Frameworks";
				PRODUCT_BUNDLE_IDENTIFIER = "com.mdino.enums-tags";
				PRODUCT_NAME = "$(TARGET_NAME)";
			};
			name = Debug;
		};
		8FA89EC81D3E57330047401C /* Release */ = {
			isa = XCBuildConfiguration;
			buildSettings = {
				ASSETCATALOG_COMPILER_APPICON_NAME = AppIcon;
				INFOPLIST_FILE = "enums-tags/Info.plist";
				LD_RUNPATH_SEARCH_PATHS = "$(inherited) @executable_path/Frameworks";
				PRODUCT_BUNDLE_IDENTIFIER = "com.mdino.enums-tags";
				PRODUCT_NAME = "$(TARGET_NAME)";
			};
			name = Release;
		};
/* End XCBuildConfiguration section */

/* Begin XCConfigurationList section */
		8FA89EAF1D3E57330047401C /* Build configuration list for PBXProject "enums-tags" */ = {
			isa = XCConfigurationList;
			buildConfigurations = (
				8FA89EC41D3E57330047401C /* Debug */,
				8FA89EC51D3E57330047401C /* Release */,
			);
			defaultConfigurationIsVisible = 0;
			defaultConfigurationName = Release;
		};
		8FA89EC61D3E57330047401C /* Build configuration list for PBXNativeTarget "enums-tags" */ = {
			isa = XCConfigurationList;
			buildConfigurations = (
				8FA89EC71D3E57330047401C /* Debug */,
				8FA89EC81D3E57330047401C /* Release */,
			);
			defaultConfigurationIsVisible = 0;
			defaultConfigurationName = Release;
		};
/* End XCConfigurationList section */
	};
	rootObject = 8FA89EAC1D3E57330047401C /* Project object */;
}
